
Microsoft Visual Studio Solution File, Format Version 12.00
# Visual Studio Version 17
VisualStudioVersion = 17.4.33122.133
MinimumVisualStudioVersion = 10.0.40219.1
Project("{FAE04EC0-301F-11D3-BF4B-00C04F79EFBC}") = "CRUDOperations", "CRUDOperations\CRUDOperations.csproj", "{DA95EAE6-2E96-4CEC-BD31-701EFCA61EC6}"
EndProject
Global
	GlobalSection(SolutionConfigurationPlatforms) = preSolution
		Debug|Any CPU = Debug|Any CPU
		Release|Any CPU = Release|Any CPU
	EndGlobalSection
	GlobalSection(ProjectConfigurationPlatforms) = postSolution
		{DA95EAE6-2E96-4CEC-BD31-701EFCA61EC6}.Debug|Any CPU.ActiveCfg = Debug|Any CPU
		{DA95EAE6-2E96-4CEC-BD31-701EFCA61EC6}.Debug|Any CPU.Build.0 = Debug|Any CPU
		{DA95EAE6-2E96-4CEC-BD31-701EFCA61EC6}.Release|Any CPU.ActiveCfg = Release|Any CPU
		{DA95EAE6-2E96-4CEC-BD31-701EFCA61EC6}.Release|Any CPU.Build.0 = Release|Any CPU
	EndGlobalSection
	GlobalSection(SolutionProperties) = preSolution
		HideSolutionNode = FALSE
	EndGlobalSection
	GlobalSection(ExtensibilityGlobals) = postSolution
		SolutionGuid = {546BF44F-5BA0-44C2-8AF0-3FA92C37B9AF}
	EndGlobalSection
EndGlobal
